// !$*UTF8*$!
{
	archiveVersion = 1;
	classes = {
	};
	objectVersion = 50;
	objects = {

/* Begin PBXBuildFile section */
		18182CAC238BBC21007C058D /* AppDelegate.swift in Sources */ = {isa = PBXBuildFile; fileRef = 18182CAB238BBC21007C058D /* AppDelegate.swift */; };
		18182CAE238BBC21007C058D /* ViewController.swift in Sources */ = {isa = PBXBuildFile; fileRef = 18182CAD238BBC21007C058D /* ViewController.swift */; };
		18182CB1238BBC21007C058D /* Main.storyboard in Resources */ = {isa = PBXBuildFile; fileRef = 18182CAF238BBC21007C058D /* Main.storyboard */; };
		18182CB3238BBC22007C058D /* Assets.xcassets in Resources */ = {isa = PBXBuildFile; fileRef = 18182CB2238BBC22007C058D /* Assets.xcassets */; };
		18182CB6238BBC22007C058D /* LaunchScreen.storyboard in Resources */ = {isa = PBXBuildFile; fileRef = 18182CB4238BBC22007C058D /* LaunchScreen.storyboard */; };
		18182CBE238BBC7E007C058D /* QuestionStruct.swift in Sources */ = {isa = PBXBuildFile; fileRef = 18182CBD238BBC7E007C058D /* QuestionStruct.swift */; };
/* End PBXBuildFile section */

/* Begin PBXFileReference section */
		18182CA8238BBC21007C058D /* QuizPLS.app */ = {isa = PBXFileReference; explicitFileType = wrapper.application; includeInIndex = 0; path = QuizPLS.app; sourceTree = BUILT_PRODUCTS_DIR; };
		18182CAB238BBC21007C058D /* AppDelegate.swift */ = {isa = PBXFileReference; lastKnownFileType = sourcecode.swift; path = AppDelegate.swift; sourceTree = "<group>"; };
		18182CAD238BBC21007C058D /* ViewController.swift */ = {isa = PBXFileReference; lastKnownFileType = sourcecode.swift; path = ViewController.swift; sourceTree = "<group>"; };
		18182CB0238BBC21007C058D /* Base */ = {isa = PBXFileReference; lastKnownFileType = file.storyboard; name = Base; path = Base.lproj/Main.storyboard; sourceTree = "<group>"; };
		18182CB2238BBC22007C058D /* Assets.xcassets */ = {isa = PBXFileReference; lastKnownFileType = folder.assetcatalog; path = Assets.xcassets; sourceTree = "<group>"; };
		18182CB5238BBC22007C058D /* Base */ = {isa = PBXFileReference; lastKnownFileType = file.storyboard; name = Base; path = Base.lproj/LaunchScreen.storyboard; sourceTree = "<group>"; };
		18182CB7238BBC22007C058D /* Info.plist */ = {isa = PBXFileReference; lastKnownFileType = text.plist.xml; path = Info.plist; sourceTree = "<group>"; };
		18182CBD238BBC7E007C058D /* QuestionStruct.swift */ = {isa = PBXFileReference; lastKnownFileType = sourcecode.swift; path = QuestionStruct.swift; sourceTree = "<group>"; };
/* End PBXFileReference section */

/* Begin PBXFrameworksBuildPhase section */
		18182CA5238BBC21007C058D /* Frameworks */ = {
			isa = PBXFrameworksBuildPhase;
			buildActionMask = 2147483647;
			files = (
			);
			runOnlyForDeploymentPostprocessing = 0;
		};
/* End PBXFrameworksBuildPhase section */

/* Begin PBXGroup section */
		18182C9F238BBC21007C058D = {
			isa = PBXGroup;
			children = (
				18182CAA238BBC21007C058D /* QuizPLS */,
				18182CA9238BBC21007C058D /* Products */,
			);
			sourceTree = "<group>";
		};
		18182CA9238BBC21007C058D /* Products */ = {
			isa = PBXGroup;
			children = (
				18182CA8238BBC21007C058D /* QuizPLS.app */,
			);
			name = Products;
			sourceTree = "<group>";
		};
		18182CAA238BBC21007C058D /* QuizPLS */ = {
			isa = PBXGroup;
			children = (
				18182CAB238BBC21007C058D /* AppDelegate.swift */,
				18182CAD238BBC21007C058D /* ViewController.swift */,
				18182CAF238BBC21007C058D /* Main.storyboard */,
				18182CBD238BBC7E007C058D /* QuestionStruct.swift */,
				18182CB2238BBC22007C058D /* Assets.xcassets */,
				18182CB4238BBC22007C058D /* LaunchScreen.storyboard */,
				18182CB7238BBC22007C058D /* Info.plist */,
			);
			path = QuizPLS;
			sourceTree = "<group>";
		};
/* End PBXGroup section */

/* Begin PBXNativeTarget section */
		18182CA7238BBC21007C058D /* QuizPLS */ = {
			isa = PBXNativeTarget;
			buildConfigurationList = 18182CBA238BBC22007C058D /* Build configuration list for PBXNativeTarget "QuizPLS" */;
			buildPhases = (
				18182CA4238BBC21007C058D /* Sources */,
				18182CA5238BBC21007C058D /* Frameworks */,
				18182CA6238BBC21007C058D /* Resources */,
			);
			buildRules = (
			);
			dependencies = (
			);
			name = QuizPLS;
			productName = QuizPLS;
			productReference = 18182CA8238BBC21007C058D /* QuizPLS.app */;
			productType = "com.apple.product-type.application";
		};
/* End PBXNativeTarget section */

/* Begin PBXProject section */
		18182CA0238BBC21007C058D /* Project object */ = {
			isa = PBXProject;
			attributes = {
				LastSwiftUpdateCheck = 1030;
				LastUpgradeCheck = 1030;
				ORGANIZATIONNAME = Tinkercademy;
				TargetAttributes = {
					18182CA7238BBC21007C058D = {
						CreatedOnToolsVersion = 10.3;
					};
				};
			};
			buildConfigurationList = 18182CA3238BBC21007C058D /* Build configuration list for PBXProject "QuizPLS" */;
			compatibilityVersion = "Xcode 9.3";
			developmentRegion = en;
			hasScannedForEncodings = 0;
			knownRegions = (
				en,
				Base,
			);
			mainGroup = 18182C9F238BBC21007C058D;
			productRefGroup = 18182CA9238BBC21007C058D /* Products */;
			projectDirPath = "";
			projectRoot = "";
			targets = (
				18182CA7238BBC21007C058D /* QuizPLS */,
			);
		};
/* End PBXProject section */

/* Begin PBXResourcesBuildPhase section */
		18182CA6238BBC21007C058D /* Resources */ = {
			isa = PBXResourcesBuildPhase;
			buildActionMask = 2147483647;
			files = (
				18182CB6238BBC22007C058D /* LaunchScreen.storyboard in Resources */,
				18182CB3238BBC22007C058D /* Assets.xcassets in Resources */,
				18182CB1238BBC21007C058D /* Main.storyboard in Resources */,
			);
			runOnlyForDeploymentPostprocessing = 0;
		};
/* End PBXResourcesBuildPhase section */

/* Begin PBXSourcesBuildPhase section */
		18182CA4238BBC21007C058D /* Sources */ = {
			isa = PBXSourcesBuildPhase;
			buildActionMask = 2147483647;
			files = (
				18182CBE238BBC7E007C058D /* QuestionStruct.swift in Sources */,
				18182CAE238BBC21007C058D /* ViewController.swift in Sources */,
				18182CAC238BBC21007C058D /* AppDelegate.swift in Sources */,
			);
			runOnlyForDeploymentPostprocessing = 0;
		};
/* End PBXSourcesBuildPhase section */

/* Begin PBXVariantGroup section */
		18182CAF238BBC21007C058D /* Main.storyboard */ = {
			isa = PBXVariantGroup;
			children = (
				18182CB0238BBC21007C058D /* Base */,
			);
			name = Main.storyboard;
			sourceTree = "<group>";
		};
		18182CB4238BBC22007C058D /* LaunchScreen.storyboard */ = {
			isa = PBXVariantGroup;
			children = (
				18182CB5238BBC22007C058D /* Base */,
			);
			name = LaunchScreen.storyboard;
			sourceTree = "<group>";
		};
/* End PBXVariantGroup section */

/* Begin XCBuildConfiguration section */
		18182CB8238BBC22007C058D /* Debug */ = {
			isa = XCBuildConfiguration;
			buildSettings = {
				ALWAYS_SEARCH_USER_PATHS = NO;
				CLANG_ANALYZER_NONNULL = YES;
				CLANG_ANALYZER_NUMBER_OBJECT_CONVERSION = YES_AGGRESSIVE;
				CLANG_CXX_LANGUAGE_STANDARD = "gnu++14";
				CLANG_CXX_LIBRARY = "libc++";
				CLANG_ENABLE_MODULES = YES;
				CLANG_ENABLE_OBJC_ARC = YES;
				CLANG_ENABLE_OBJC_WEAK = YES;
				CLANG_WARN_BLOCK_CAPTURE_AUTORELEASING = YES;
				CLANG_WARN_BOOL_CONVERSION = YES;
				CLANG_WARN_COMMA = YES;
				CLANG_WARN_CONSTANT_CONVERSION = YES;
				CLANG_WARN_DEPRECATED_OBJC_IMPLEMENTATIONS = YES;
				CLANG_WARN_DIRECT_OBJC_ISA_USAGE = YES_ERROR;
				CLANG_WARN_DOCUMENTATION_COMMENTS = YES;
				CLANG_WARN_EMPTY_BODY = YES;
				CLANG_WARN_ENUM_CONVERSION = YES;
				CLANG_WARN_INFINITE_RECURSION = YES;
				CLANG_WARN_INT_CONVERSION = YES;
				CLANG_WARN_NON_LITERAL_NULL_CONVERSION = YES;
				CLANG_WARN_OBJC_IMPLICIT_RETAIN_SELF = YES;
				CLANG_WARN_OBJC_LITERAL_CONVERSION = YES;
				CLANG_WARN_OBJC_ROOT_CLASS = YES_ERROR;
				CLANG_WARN_RANGE_LOOP_ANALYSIS = YES;
				CLANG_WARN_STRICT_PROTOTYPES = YES;
				CLANG_WARN_SUSPICIOUS_MOVE = YES;
				CLANG_WARN_UNGUARDED_AVAILABILITY = YES_AGGRESSIVE;
				CLANG_WARN_UNREACHABLE_CODE = YES;
				CLANG_WARN__DUPLICATE_METHOD_MATCH = YES;
				CODE_SIGN_IDENTITY = "iPhone Developer";
				COPY_PHASE_STRIP = NO;
				DEBUG_INFORMATION_FORMAT = dwarf;
				ENABLE_STRICT_OBJC_MSGSEND = YES;
				ENABLE_TESTABILITY = YES;
				GCC_C_LANGUAGE_STANDARD = gnu11;
				GCC_DYNAMIC_NO_PIC = NO;
				GCC_NO_COMMON_BLOCKS = YES;
				GCC_OPTIMIZATION_LEVEL = 0;
				GCC_PREPROCESSOR_DEFINITIONS = (
					"DEBUG=1",
					"$(inherited)",
				);
				GCC_WARN_64_TO_32_BIT_CONVERSION = YES;
				GCC_WARN_ABOUT_RETURN_TYPE = YES_ERROR;
				GCC_WARN_UNDECLARED_SELECTOR = YES;
				GCC_WARN_UNINITIALIZED_AUTOS = YES_AGGRESSIVE;
				GCC_WARN_UNUSED_FUNCTION = YES;
				GCC_WARN_UNUSED_VARIABLE = YES;
				IPHONEOS_DEPLOYMENT_TARGET = 12.4;
				MTL_ENABLE_DEBUG_INFO = INCLUDE_SOURCE;
				MTL_FAST_MATH = YES;
				ONLY_ACTIVE_ARCH = YES;
				SDKROOT = iphoneos;
				SWIFT_ACTIVE_COMPILATION_CONDITIONS = DEBUG;
				SWIFT_OPTIMIZATION_LEVEL = "-Onone";
			};
			name = Debug;
		};
		18182CB9238BBC22007C058D /* Release */ = {
			isa = XCBuildConfiguration;
			buildSettings = {
				ALWAYS_SEARCH_USER_PATHS = NO;
				CLANG_ANALYZER_NONNULL = YES;
				CLANG_ANALYZER_NUMBER_OBJECT_CONVERSION = YES_AGGRESSIVE;
				CLANG_CXX_LANGUAGE_STANDARD = "gnu++14";
				CLANG_CXX_LIBRARY = "libc++";
				CLANG_ENABLE_MODULES = YES;
				CLANG_ENABLE_OBJC_ARC = YES;
				CLANG_ENABLE_OBJC_WEAK = YES;
				CLANG_WARN_BLOCK_CAPTURE_AUTORELEASING = YES;
				CLANG_WARN_BOOL_CONVERSION = YES;
				CLANG_WARN_COMMA = YES;
				CLANG_WARN_CONSTANT_CONVERSION = YES;
				CLANG_WARN_DEPRECATED_OBJC_IMPLEMENTATIONS = YES;
				CLANG_WARN_DIRECT_OBJC_ISA_USAGE = YES_ERROR;
				CLANG_WARN_DOCUMENTATION_COMMENTS = YES;
				CLANG_WARN_EMPTY_BODY = YES;
				CLANG_WARN_ENUM_CONVERSION = YES;
				CLANG_WARN_INFINITE_RECURSION = YES;
				CLANG_WARN_INT_CONVERSION = YES;
				CLANG_WARN_NON_LITERAL_NULL_CONVERSION = YES;
				CLANG_WARN_OBJC_IMPLICIT_RETAIN_SELF = YES;
				CLANG_WARN_OBJC_LITERAL_CONVERSION = YES;
				CLANG_WARN_OBJC_ROOT_CLASS = YES_ERROR;
				CLANG_WARN_RANGE_LOOP_ANALYSIS = YES;
				CLANG_WARN_STRICT_PROTOTYPES = YES;
				CLANG_WARN_SUSPICIOUS_MOVE = YES;
				CLANG_WARN_UNGUARDED_AVAILABILITY = YES_AGGRESSIVE;
				CLANG_WARN_UNREACHABLE_CODE = YES;
				CLANG_WARN__DUPLICATE_METHOD_MATCH = YES;
				CODE_SIGN_IDENTITY = "iPhone Developer";
				COPY_PHASE_STRIP = NO;
				DEBUG_INFORMATION_FORMAT = "dwarf-with-dsym";
				ENABLE_NS_ASSERTIONS = NO;
				ENABLE_STRICT_OBJC_MSGSEND = YES;
				GCC_C_LANGUAGE_STANDARD = gnu11;
				GCC_NO_COMMON_BLOCKS = YES;
				GCC_WARN_64_TO_32_BIT_CONVERSION = YES;
				GCC_WARN_ABOUT_RETURN_TYPE = YES_ERROR;
				GCC_WARN_UNDECLARED_SELECTOR = YES;
				GCC_WARN_UNINITIALIZED_AUTOS = YES_AGGRESSIVE;
				GCC_WARN_UNUSED_FUNCTION = YES;
				GCC_WARN_UNUSED_VARIABLE = YES;
				IPHONEOS_DEPLOYMENT_TARGET = 12.4;
				MTL_ENABLE_DEBUG_INFO = NO;
				MTL_FAST_MATH = YES;
				SDKROOT = iphoneos;
				SWIFT_COMPILATION_MODE = wholemodule;
				SWIFT_OPTIMIZATION_LEVEL = "-O";
				VALIDATE_PRODUCT = YES;
			};
			name = Release;
		};
		18182CBB238BBC22007C058D /* Debug */ = {
			isa = XCBuildConfiguration;
			buildSettings = {
				ASSETCATALOG_COMPILER_APPICON_NAME = AppIcon;
				CODE_SIGN_STYLE = Automatic;
				INFOPLIST_FILE = QuizPLS/Info.plist;
				LD_RUNPATH_SEARCH_PATHS = (
					"$(inherited)",
					"@executable_path/Frameworks",
				);
				PRODUCT_BUNDLE_IDENTIFIER = com.tinkercademy.QuizPLS;
				PRODUCT_NAME = "$(TARGET_NAME)";
				SWIFT_VERSION = 5.0;
				TARGETED_DEVICE_FAMILY = "1,2";
			};
			name = Debug;
		};
		18182CBC238BBC22007C058D /* Release */ = {
			isa = XCBuildConfiguration;
			buildSettings = {
				ASSETCATALOG_COMPILER_APPICON_NAME = AppIcon;
				CODE_SIGN_STYLE = Automatic;
				INFOPLIST_FILE = QuizPLS/Info.plist;
				LD_RUNPATH_SEARCH_PATHS = (
					"$(inherited)",
					"@executable_path/Frameworks",
				);
				PRODUCT_BUNDLE_IDENTIFIER = com.tinkercademy.QuizPLS;
				PRODUCT_NAME = "$(TARGET_NAME)";
				SWIFT_VERSION = 5.0;
				TARGETED_DEVICE_FAMILY = "1,2";
			};
			name = Release;
		};
/* End XCBuildConfiguration section */

/* Begin XCConfigurationList section */
		18182CA3238BBC21007C058D /* Build configuration list for PBXProject "QuizPLS" */ = {
			isa = XCConfigurationList;
			buildConfigurations = (
				18182CB8238BBC22007C058D /* Debug */,
				18182CB9238BBC22007C058D /* Release */,
			);
			defaultConfigurationIsVisible = 0;
			defaultConfigurationName = Release;
		};
		18182CBA238BBC22007C058D /* Build configuration list for PBXNativeTarget "QuizPLS" */ = {
			isa = XCConfigurationList;
			buildConfigurations = (
				18182CBB238BBC22007C058D /* Debug */,
				18182CBC238BBC22007C058D /* Release */,
			);
			defaultConfigurationIsVisible = 0;
			defaultConfigurationName = Release;
		};
/* End XCConfigurationList section */
	};
	rootObject = 18182CA0238BBC21007C058D /* Project object */;
}
